// !$*UTF8*$!
{
	archiveVersion = 1;
	classes = {
	};
	objectVersion = 50;
	objects = {

/* Begin PBXBuildFile section */
		8273FC2D2534BA3A00199F9B /* AppDelegate.swift in Sources */ = {isa = PBXBuildFile; fileRef = 8273FC2C2534BA3A00199F9B /* AppDelegate.swift */; };
		8273FC2F2534BA3A00199F9B /* SceneDelegate.swift in Sources */ = {isa = PBXBuildFile; fileRef = 8273FC2E2534BA3A00199F9B /* SceneDelegate.swift */; };
		8273FC312534BA3A00199F9B /* ContentView.swift in Sources */ = {isa = PBXBuildFile; fileRef = 8273FC302534BA3A00199F9B /* ContentView.swift */; };
		8273FC332534BA3C00199F9B /* Assets.xcassets in Resources */ = {isa = PBXBuildFile; fileRef = 8273FC322534BA3C00199F9B /* Assets.xcassets */; };
		8273FC362534BA3C00199F9B /* Preview Assets.xcassets in Resources */ = {isa = PBXBuildFile; fileRef = 8273FC352534BA3C00199F9B /* Preview Assets.xcassets */; };
		8273FC392534BA3C00199F9B /* LaunchScreen.storyboard in Resources */ = {isa = PBXBuildFile; fileRef = 8273FC372534BA3C00199F9B /* LaunchScreen.storyboard */; };
		8273FC432534BAA000199F9B /* DetailView.swift in Sources */ = {isa = PBXBuildFile; fileRef = 8273FC422534BAA000199F9B /* DetailView.swift */; };
/* End PBXBuildFile section */

/* Begin PBXFileReference section */
		8273FC292534BA3A00199F9B /* ZodiacUI.app */ = {isa = PBXFileReference; explicitFileType = wrapper.application; includeInIndex = 0; path = ZodiacUI.app; sourceTree = BUILT_PRODUCTS_DIR; };
		8273FC2C2534BA3A00199F9B /* AppDelegate.swift */ = {isa = PBXFileReference; lastKnownFileType = sourcecode.swift; path = AppDelegate.swift; sourceTree = "<group>"; };
		8273FC2E2534BA3A00199F9B /* SceneDelegate.swift */ = {isa = PBXFileReference; lastKnownFileType = sourcecode.swift; path = SceneDelegate.swift; sourceTree = "<group>"; };
		8273FC302534BA3A00199F9B /* ContentView.swift */ = {isa = PBXFileReference; lastKnownFileType = sourcecode.swift; path = ContentView.swift; sourceTree = "<group>"; };
		8273FC322534BA3C00199F9B /* Assets.xcassets */ = {isa = PBXFileReference; lastKnownFileType = folder.assetcatalog; path = Assets.xcassets; sourceTree = "<group>"; };
		8273FC352534BA3C00199F9B /* Preview Assets.xcassets */ = {isa = PBXFileReference; lastKnownFileType = folder.assetcatalog; path = "Preview Assets.xcassets"; sourceTree = "<group>"; };
		8273FC382534BA3C00199F9B /* Base */ = {isa = PBXFileReference; lastKnownFileType = file.storyboard; name = Base; path = Base.lproj/LaunchScreen.storyboard; sourceTree = "<group>"; };
		8273FC3A2534BA3C00199F9B /* Info.plist */ = {isa = PBXFileReference; lastKnownFileType = text.plist.xml; path = Info.plist; sourceTree = "<group>"; };
		8273FC422534BAA000199F9B /* DetailView.swift */ = {isa = PBXFileReference; lastKnownFileType = sourcecode.swift; path = DetailView.swift; sourceTree = "<group>"; };
/* End PBXFileReference section */

/* Begin PBXFrameworksBuildPhase section */
		8273FC262534BA3A00199F9B /* Frameworks */ = {
			isa = PBXFrameworksBuildPhase;
			buildActionMask = 2147483647;
			files = (
			);
			runOnlyForDeploymentPostprocessing = 0;
		};
/* End PBXFrameworksBuildPhase section */

/* Begin PBXGroup section */
		8273FC202534BA3A00199F9B = {
			isa = PBXGroup;
			children = (
				8273FC2B2534BA3A00199F9B /* ZodiacUI */,
				8273FC2A2534BA3A00199F9B /* Products */,
			);
			sourceTree = "<group>";
		};
		8273FC2A2534BA3A00199F9B /* Products */ = {
			isa = PBXGroup;
			children = (
				8273FC292534BA3A00199F9B /* ZodiacUI.app */,
			);
			name = Products;
			sourceTree = "<group>";
		};
		8273FC2B2534BA3A00199F9B /* ZodiacUI */ = {
			isa = PBXGroup;
			children = (
				8273FC2C2534BA3A00199F9B /* AppDelegate.swift */,
				8273FC2E2534BA3A00199F9B /* SceneDelegate.swift */,
				8273FC302534BA3A00199F9B /* ContentView.swift */,
				8273FC422534BAA000199F9B /* DetailView.swift */,
				8273FC322534BA3C00199F9B /* Assets.xcassets */,
				8273FC372534BA3C00199F9B /* LaunchScreen.storyboard */,
				8273FC3A2534BA3C00199F9B /* Info.plist */,
				8273FC342534BA3C00199F9B /* Preview Content */,
			);
			path = ZodiacUI;
			sourceTree = "<group>";
		};
		8273FC342534BA3C00199F9B /* Preview Content */ = {
			isa = PBXGroup;
			children = (
				8273FC352534BA3C00199F9B /* Preview Assets.xcassets */,
			);
			path = "Preview Content";
			sourceTree = "<group>";
		};
/* End PBXGroup section */

/* Begin PBXNativeTarget section */
		8273FC282534BA3A00199F9B /* ZodiacUI */ = {
			isa = PBXNativeTarget;
			buildConfigurationList = 8273FC3D2534BA3C00199F9B /* Build configuration list for PBXNativeTarget "ZodiacUI" */;
			buildPhases = (
				8273FC252534BA3A00199F9B /* Sources */,
				8273FC262534BA3A00199F9B /* Frameworks */,
				8273FC272534BA3A00199F9B /* Resources */,
			);
			buildRules = (
			);
			dependencies = (
			);
			name = ZodiacUI;
			productName = ZodiacUI;
			productReference = 8273FC292534BA3A00199F9B /* ZodiacUI.app */;
			productType = "com.apple.product-type.application";
		};
/* End PBXNativeTarget section */

/* Begin PBXProject section */
		8273FC212534BA3A00199F9B /* Project object */ = {
			isa = PBXProject;
			attributes = {
				LastSwiftUpdateCheck = 1150;
				LastUpgradeCheck = 1150;
				ORGANIZATIONNAME = "Cedric Bahirwe";
				TargetAttributes = {
					8273FC282534BA3A00199F9B = {
						CreatedOnToolsVersion = 11.5;
					};
				};
			};
			buildConfigurationList = 8273FC242534BA3A00199F9B /* Build configuration list for PBXProject "ZodiacUI" */;
			compatibilityVersion = "Xcode 9.3";
			developmentRegion = en;
			hasScannedForEncodings = 0;
			knownRegions = (
				en,
				Base,
			);
			mainGroup = 8273FC202534BA3A00199F9B;
			productRefGroup = 8273FC2A2534BA3A00199F9B /* Products */;
			projectDirPath = "";
			projectRoot = "";
			targets = (
				8273FC282534BA3A00199F9B /* ZodiacUI */,
			);
		};
/* End PBXProject section */

/* Begin PBXResourcesBuildPhase section */
		8273FC272534BA3A00199F9B /* Resources */ = {
			isa = PBXResourcesBuildPhase;
			buildActionMask = 2147483647;
			files = (
				8273FC392534BA3C00199F9B /* LaunchScreen.storyboard in Resources */,
				8273FC362534BA3C00199F9B /* Preview Assets.xcassets in Resources */,
				8273FC332534BA3C00199F9B /* Assets.xcassets in Resources */,
			);
			runOnlyForDeploymentPostprocessing = 0;
		};
/* End PBXResourcesBuildPhase section */

/* Begin PBXSourcesBuildPhase section */
		8273FC252534BA3A00199F9B /* Sources */ = {
			isa = PBXSourcesBuildPhase;
			buildActionMask = 2147483647;
			files = (
				8273FC2D2534BA3A00199F9B /* AppDelegate.swift in Sources */,
				8273FC2F2534BA3A00199F9B /* SceneDelegate.swift in Sources */,
				8273FC432534BAA000199F9B /* DetailView.swift in Sources */,
				8273FC312534BA3A00199F9B /* ContentView.swift in Sources */,
			);
			runOnlyForDeploymentPostprocessing = 0;
		};
/* End PBXSourcesBuildPhase section */

/* Begin PBXVariantGroup section */
		8273FC372534BA3C00199F9B /* LaunchScreen.storyboard */ = {
			isa = PBXVariantGroup;
			children = (
				8273FC382534BA3C00199F9B /* Base */,
			);
			name = LaunchScreen.storyboard;
			sourceTree = "<group>";
		};
/* End PBXVariantGroup section */

/* Begin XCBuildConfiguration section */
		8273FC3B2534BA3C00199F9B /* Debug */ = {
			isa = XCBuildConfiguration;
			buildSettings = {
				ALWAYS_SEARCH_USER_PATHS = NO;
				CLANG_ANALYZER_NONNULL = YES;
				CLANG_ANALYZER_NUMBER_OBJECT_CONVERSION = YES_AGGRESSIVE;
				CLANG_CXX_LANGUAGE_STANDARD = "gnu++14";
				CLANG_CXX_LIBRARY = "libc++";
				CLANG_ENABLE_MODULES = YES;
				CLANG_ENABLE_OBJC_ARC = YES;
				CLANG_ENABLE_OBJC_WEAK = YES;
				CLANG_WARN_BLOCK_CAPTURE_AUTORELEASING = YES;
				CLANG_WARN_BOOL_CONVERSION = YES;
				CLANG_WARN_COMMA = YES;
				CLANG_WARN_CONSTANT_CONVERSION = YES;
				CLANG_WARN_DEPRECATED_OBJC_IMPLEMENTATIONS = YES;
				CLANG_WARN_DIRECT_OBJC_ISA_USAGE = YES_ERROR;
				CLANG_WARN_DOCUMENTATION_COMMENTS = YES;
				CLANG_WARN_EMPTY_BODY = YES;
				CLANG_WARN_ENUM_CONVERSION = YES;
				CLANG_WARN_INFINITE_RECURSION = YES;
				CLANG_WARN_INT_CONVERSION = YES;
				CLANG_WARN_NON_LITERAL_NULL_CONVERSION = YES;
				CLANG_WARN_OBJC_IMPLICIT_RETAIN_SELF = YES;
				CLANG_WARN_OBJC_LITERAL_CONVERSION = YES;
				CLANG_WARN_OBJC_ROOT_CLASS = YES_ERROR;
				CLANG_WARN_RANGE_LOOP_ANALYSIS = YES;
				CLANG_WARN_STRICT_PROTOTYPES = YES;
				CLANG_WARN_SUSPICIOUS_MOVE = YES;
				CLANG_WARN_UNGUARDED_AVAILABILITY = YES_AGGRESSIVE;
				CLANG_WARN_UNREACHABLE_CODE = YES;
				CLANG_WARN__DUPLICATE_METHOD_MATCH = YES;
				COPY_PHASE_STRIP = NO;
				DEBUG_INFORMATION_FORMAT = dwarf;
				ENABLE_STRICT_OBJC_MSGSEND = YES;
				ENABLE_TESTABILITY = YES;
				GCC_C_LANGUAGE_STANDARD = gnu11;
				GCC_DYNAMIC_NO_PIC = NO;
				GCC_NO_COMMON_BLOCKS = YES;
				GCC_OPTIMIZATION_LEVEL = 0;
				GCC_PREPROCESSOR_DEFINITIONS = (
					"DEBUG=1",
					"$(inherited)",
				);
				GCC_WARN_64_TO_32_BIT_CONVERSION = YES;
				GCC_WARN_ABOUT_RETURN_TYPE = YES_ERROR;
				GCC_WARN_UNDECLARED_SELECTOR = YES;
				GCC_WARN_UNINITIALIZED_AUTOS = YES_AGGRESSIVE;
				GCC_WARN_UNUSED_FUNCTION = YES;
				GCC_WARN_UNUSED_VARIABLE = YES;
				IPHONEOS_DEPLOYMENT_TARGET = 13.5;
				MTL_ENABLE_DEBUG_INFO = INCLUDE_SOURCE;
				MTL_FAST_MATH = YES;
				ONLY_ACTIVE_ARCH = YES;
				SDKROOT = iphoneos;
				SWIFT_ACTIVE_COMPILATION_CONDITIONS = DEBUG;
				SWIFT_OPTIMIZATION_LEVEL = "-Onone";
			};
			name = Debug;
		};
		8273FC3C2534BA3C00199F9B /* Release */ = {
			isa = XCBuildConfiguration;
			buildSettings = {
				ALWAYS_SEARCH_USER_PATHS = NO;
				CLANG_ANALYZER_NONNULL = YES;
				CLANG_ANALYZER_NUMBER_OBJECT_CONVERSION = YES_AGGRESSIVE;
				CLANG_CXX_LANGUAGE_STANDARD = "gnu++14";
				CLANG_CXX_LIBRARY = "libc++";
				CLANG_ENABLE_MODULES = YES;
				CLANG_ENABLE_OBJC_ARC = YES;
				CLANG_ENABLE_OBJC_WEAK = YES;
				CLANG_WARN_BLOCK_CAPTURE_AUTORELEASING = YES;
				CLANG_WARN_BOOL_CONVERSION = YES;
				CLANG_WARN_COMMA = YES;
				CLANG_WARN_CONSTANT_CONVERSION = YES;
				CLANG_WARN_DEPRECATED_OBJC_IMPLEMENTATIONS = YES;
				CLANG_WARN_DIRECT_OBJC_ISA_USAGE = YES_ERROR;
				CLANG_WARN_DOCUMENTATION_COMMENTS = YES;
				CLANG_WARN_EMPTY_BODY = YES;
				CLANG_WARN_ENUM_CONVERSION = YES;
				CLANG_WARN_INFINITE_RECURSION = YES;
				CLANG_WARN_INT_CONVERSION = YES;
				CLANG_WARN_NON_LITERAL_NULL_CONVERSION = YES;
				CLANG_WARN_OBJC_IMPLICIT_RETAIN_SELF = YES;
				CLANG_WARN_OBJC_LITERAL_CONVERSION = YES;
				CLANG_WARN_OBJC_ROOT_CLASS = YES_ERROR;
				CLANG_WARN_RANGE_LOOP_ANALYSIS = YES;
				CLANG_WARN_STRICT_PROTOTYPES = YES;
				CLANG_WARN_SUSPICIOUS_MOVE = YES;
				CLANG_WARN_UNGUARDED_AVAILABILITY = YES_AGGRESSIVE;
				CLANG_WARN_UNREACHABLE_CODE = YES;
				CLANG_WARN__DUPLICATE_METHOD_MATCH = YES;
				COPY_PHASE_STRIP = NO;
				DEBUG_INFORMATION_FORMAT = "dwarf-with-dsym";
				ENABLE_NS_ASSERTIONS = NO;
				ENABLE_STRICT_OBJC_MSGSEND = YES;
				GCC_C_LANGUAGE_STANDARD = gnu11;
				GCC_NO_COMMON_BLOCKS = YES;
				GCC_WARN_64_TO_32_BIT_CONVERSION = YES;
				GCC_WARN_ABOUT_RETURN_TYPE = YES_ERROR;
				GCC_WARN_UNDECLARED_SELECTOR = YES;
				GCC_WARN_UNINITIALIZED_AUTOS = YES_AGGRESSIVE;
				GCC_WARN_UNUSED_FUNCTION = YES;
				GCC_WARN_UNUSED_VARIABLE = YES;
				IPHONEOS_DEPLOYMENT_TARGET = 13.5;
				MTL_ENABLE_DEBUG_INFO = NO;
				MTL_FAST_MATH = YES;
				SDKROOT = iphoneos;
				SWIFT_COMPILATION_MODE = wholemodule;
				SWIFT_OPTIMIZATION_LEVEL = "-O";
				VALIDATE_PRODUCT = YES;
			};
			name = Release;
		};
		8273FC3E2534BA3C00199F9B /* Debug */ = {
			isa = XCBuildConfiguration;
			buildSettings = {
				ASSETCATALOG_COMPILER_APPICON_NAME = AppIcon;
				CODE_SIGN_STYLE = Automatic;
				DEVELOPMENT_ASSET_PATHS = "\"ZodiacUI/Preview Content\"";
				DEVELOPMENT_TEAM = 6V9B6LUW22;
				ENABLE_PREVIEWS = YES;
				INFOPLIST_FILE = ZodiacUI/Info.plist;
				LD_RUNPATH_SEARCH_PATHS = (
					"$(inherited)",
					"@executable_path/Frameworks",
				);
				PRODUCT_BUNDLE_IDENTIFIER = com.cedo.zodiac.ZodiacUI;
				PRODUCT_NAME = "$(TARGET_NAME)";
				SWIFT_VERSION = 5.0;
				TARGETED_DEVICE_FAMILY = "1,2";
			};
			name = Debug;
		};
		8273FC3F2534BA3C00199F9B /* Release */ = {
			isa = XCBuildConfiguration;
			buildSettings = {
				ASSETCATALOG_COMPILER_APPICON_NAME = AppIcon;
				CODE_SIGN_STYLE = Automatic;
				DEVELOPMENT_ASSET_PATHS = "\"ZodiacUI/Preview Content\"";
				DEVELOPMENT_TEAM = 6V9B6LUW22;
				ENABLE_PREVIEWS = YES;
				INFOPLIST_FILE = ZodiacUI/Info.plist;
				LD_RUNPATH_SEARCH_PATHS = (
					"$(inherited)",
					"@executable_path/Frameworks",
				);
				PRODUCT_BUNDLE_IDENTIFIER = com.cedo.zodiac.ZodiacUI;
				PRODUCT_NAME = "$(TARGET_NAME)";
				SWIFT_VERSION = 5.0;
				TARGETED_DEVICE_FAMILY = "1,2";
			};
			name = Release;
		};
/* End XCBuildConfiguration section */

/* Begin XCConfigurationList section */
		8273FC242534BA3A00199F9B /* Build configuration list for PBXProject "ZodiacUI" */ = {
			isa = XCConfigurationList;
			buildConfigurations = (
				8273FC3B2534BA3C00199F9B /* Debug */,
				8273FC3C2534BA3C00199F9B /* Release */,
			);
			defaultConfigurationIsVisible = 0;
			defaultConfigurationName = Release;
		};
		8273FC3D2534BA3C00199F9B /* Build configuration list for PBXNativeTarget "ZodiacUI" */ = {
			isa = XCConfigurationList;
			buildConfigurations = (
				8273FC3E2534BA3C00199F9B /* Debug */,
				8273FC3F2534BA3C00199F9B /* Release */,
			);
			defaultConfigurationIsVisible = 0;
			defaultConfigurationName = Release;
		};
/* End XCConfigurationList section */
	};
	rootObject = 8273FC212534BA3A00199F9B /* Project object */;
}
